{
  "nodes": {
    "flake-compat": {
      "flake": false,
      "locked": {
        "lastModified": 1747046372,
        "narHash": "sha256-CIVLLkVgvHYbgI2UpXvIIBJ12HWgX+fjA8Xf8PUmqCY=",
        "owner": "edolstra",
        "repo": "flake-compat",
        "rev": "9100a0f413b0c601e0533d1d94ffd501ce2e7885",
        "type": "github"
      },
      "original": {
        "owner": "edolstra",
        "repo": "flake-compat",
        "type": "github"
      }
    },
    "flake-utils": {
      "inputs": {
        "systems": "systems"
      },
      "locked": {
        "lastModified": 1731533236,
        "narHash": "sha256-l0KFg5HjrsfsO/JpG+r7fRrqm12kzFHyUHqHCVpMMbI=",
        "owner": "numtide",
        "repo": "flake-utils",
        "rev": "11707dc2f618dd54ca8739b309ec4fc024de578b",
        "type": "github"
      },
      "original": {
        "owner": "numtide",
        "repo": "flake-utils",
        "type": "github"
      }
    },
    "flakegen": {
      "inputs": {
        "systems": "systems_2"
      },
      "locked": {
        "lastModified": 1707120544,
        "narHash": "sha256-pXwH9NLXjhjnaz1n7w5m36gVUZ1GVkvtltsLnvVPFJY=",
        "owner": "jorsn",
        "repo": "flakegen",
        "rev": "8b11749b0724700273462a674dd16e5549fe2790",
        "type": "github"
      },
      "original": {
        "owner": "jorsn",
        "repo": "flakegen",
        "type": "github"
      }
    },
    "git-hooks": {
      "inputs": {
        "flake-compat": "flake-compat",
        "gitignore": "gitignore",
        "nixpkgs": [
          "nixpkgs"
        ]
      },
      "locked": {
        "lastModified": 1758108966,
        "narHash": "sha256-ytw7ROXaWZ7OfwHrQ9xvjpUWeGVm86pwnEd1QhzawIo=",
        "owner": "cachix",
        "repo": "git-hooks.nix",
        "rev": "54df955a695a84cd47d4a43e08e1feaf90b1fd9b",
        "type": "github"
      },
      "original": {
        "owner": "cachix",
        "repo": "git-hooks.nix",
        "type": "github"
      }
    },
    "gitignore": {
      "inputs": {
        "nixpkgs": [
          "git-hooks",
          "nixpkgs"
        ]
      },
      "locked": {
        "lastModified": 1709087332,
        "narHash": "sha256-HG2cCnktfHsKV0s4XW83gU3F57gaTljL9KNSuG6bnQs=",
        "owner": "hercules-ci",
        "repo": "gitignore.nix",
        "rev": "637db329424fd7e46cf4185293b9cc8c88c95394",
        "type": "github"
      },
      "original": {
        "owner": "hercules-ci",
        "repo": "gitignore.nix",
        "type": "github"
      }
    },
    "nixpkgs": {
      "locked": {
        "lastModified": 1758589230,
        "narHash": "sha256-zMTCFGe8aVGTEr2RqUi/QzC1nOIQ0N1HRsbqB4f646k=",
        "owner": "NixOS",
        "repo": "nixpkgs",
        "rev": "d1d883129b193f0b495d75c148c2c3a7d95789a0",
        "type": "github"
      },
      "original": {
        "id": "nixpkgs",
        "ref": "nixos-25.05",
        "type": "indirect"
      }
    },
    "nixpkgs_python38": {
      "locked": {
        "lastModified": 1720535198,
        "narHash": "sha256-zwVvxrdIzralnSbcpghA92tWu2DV2lwv89xZc8MTrbg=",
        "owner": "NixOS",
        "repo": "nixpkgs",
        "rev": "205fd4226592cc83fd4c0885a3e4c9c400efabb5",
        "type": "github"
      },
      "original": {
        "id": "nixpkgs",
        "ref": "nixos-23.11",
        "type": "indirect"
      }
    },
    "pyproject-nix": {
      "inputs": {
        "nixpkgs": [
          "nixpkgs"
        ]
      },
      "locked": {
        "lastModified": 1758265079,
        "narHash": "sha256-amLaLNwKSZPShQHzfgmc/9o76dU8xzN0743dWgvYlr8=",
        "owner": "pyproject-nix",
        "repo": "pyproject.nix",
        "rev": "02e9418fd4af638447dca4b17b1280da95527fc9",
        "type": "github"
      },
      "original": {
        "owner": "pyproject-nix",
        "repo": "pyproject.nix",
        "type": "github"
      }
    },
    "root": {
      "inputs": {
        "flake-utils": "flake-utils",
        "flakegen": "flakegen",
        "git-hooks": "git-hooks",
        "nixpkgs": "nixpkgs",
        "nixpkgs_python38": "nixpkgs_python38",
        "pyproject-nix": "pyproject-nix",
        "sdk_linux-aarch64": "sdk_linux-aarch64",
        "sdk_linux-x86_64": "sdk_linux-x86_64",
        "sdk_macos-aarch64": "sdk_macos-aarch64",
        "toolchain_linux-aarch64_aarch64-zephyr-elf": "toolchain_linux-aarch64_aarch64-zephyr-elf",
        "toolchain_linux-aarch64_arm-zephyr-eabi": "toolchain_linux-aarch64_arm-zephyr-eabi",
        "toolchain_linux-x86_64_aarch64-zephyr-elf": "toolchain_linux-x86_64_aarch64-zephyr-elf",
        "toolchain_linux-x86_64_arm-zephyr-eabi": "toolchain_linux-x86_64_arm-zephyr-eabi",
        "toolchain_macos-aarch64_aarch64-zephyr-elf": "toolchain_macos-aarch64_aarch64-zephyr-elf",
        "toolchain_macos-aarch64_arm-zephyr-eabi": "toolchain_macos-aarch64_arm-zephyr-eabi",
        "zephyr": "zephyr"
      }
    },
    "sdk_linux-aarch64": {
      "flake": false,
      "locked": {
        "narHash": "sha256-grkod9mCqfgd94GUkRfyQ7+cAiwKuzjh6XR3cJNPAiQ=",
        "type": "file",
        "url": "https://github.com/zephyrproject-rtos/sdk-ng/releases/download/v0.17.4/zephyr-sdk-0.17.4_linux-aarch64_minimal.tar.xz"
      },
      "original": {
        "type": "file",
        "url": "https://github.com/zephyrproject-rtos/sdk-ng/releases/download/v0.17.4/zephyr-sdk-0.17.4_linux-aarch64_minimal.tar.xz"
      }
    },
    "sdk_linux-x86_64": {
      "flake": false,
      "locked": {
        "narHash": "sha256-WAlOXvfOsUiXuM/KjCEHsF8zLny/a59Lrd8iEbe6fuo=",
        "type": "file",
        "url": "https://github.com/zephyrproject-rtos/sdk-ng/releases/download/v0.17.4/zephyr-sdk-0.17.4_linux-x86_64_minimal.tar.xz"
      },
      "original": {
        "type": "file",
        "url": "https://github.com/zephyrproject-rtos/sdk-ng/releases/download/v0.17.4/zephyr-sdk-0.17.4_linux-x86_64_minimal.tar.xz"
      }
    },
    "sdk_macos-aarch64": {
      "flake": false,
      "locked": {
        "narHash": "sha256-PBts+B0pXKRqWpBprz/OGlXYIoV/JJhItCt1Trmw+4k=",
        "type": "file",
        "url": "https://github.com/zephyrproject-rtos/sdk-ng/releases/download/v0.17.4/zephyr-sdk-0.17.4_macos-aarch64_minimal.tar.xz"
      },
      "original": {
        "type": "file",
        "url": "https://github.com/zephyrproject-rtos/sdk-ng/releases/download/v0.17.4/zephyr-sdk-0.17.4_macos-aarch64_minimal.tar.xz"
      }
    },
    "systems": {
      "locked": {
        "lastModified": 1681028828,
        "narHash": "sha256-Vy1rq5AaRuLzOxct8nz4T6wlgyUR7zLU309k9mBC768=",
        "owner": "nix-systems",
        "repo": "default",
        "rev": "da67096a3b9bf56a91d16901293e51ba5b49a27e",
        "type": "github"
      },
      "original": {
        "owner": "nix-systems",
        "repo": "default",
        "type": "github"
      }
    },
    "systems_2": {
      "locked": {
        "lastModified": 1681028828,
        "narHash": "sha256-Vy1rq5AaRuLzOxct8nz4T6wlgyUR7zLU309k9mBC768=",
        "owner": "nix-systems",
        "repo": "default",
        "rev": "da67096a3b9bf56a91d16901293e51ba5b49a27e",
        "type": "github"
      },
      "original": {
        "owner": "nix-systems",
        "repo": "default",
        "type": "github"
      }
    },
    "toolchain_linux-aarch64_aarch64-zephyr-elf": {
      "flake": false,
      "locked": {
        "narHash": "sha256-dJq/7tXBSJX15Y7ZiCPHQCCWkcsl8J5Halk6ZvSDh68=",
        "type": "file",
        "url": "https://github.com/zephyrproject-rtos/sdk-ng/releases/download/v0.17.4/toolchain_linux-aarch64_aarch64-zephyr-elf.tar.xz"
      },
      "original": {
        "type": "file",
        "url": "https://github.com/zephyrproject-rtos/sdk-ng/releases/download/v0.17.4/toolchain_linux-aarch64_aarch64-zephyr-elf.tar.xz"
      }
    },
    "toolchain_linux-aarch64_arm-zephyr-eabi": {
      "flake": false,
      "locked": {
        "narHash": "sha256-ImekcVsoMhGV2K3gwGPToxP4Bjf/92d+9NOCz77IGS4=",
        "type": "file",
        "url": "https://github.com/zephyrproject-rtos/sdk-ng/releases/download/v0.17.4/toolchain_linux-aarch64_arm-zephyr-eabi.tar.xz"
      },
      "original": {
        "type": "file",
        "url": "https://github.com/zephyrproject-rtos/sdk-ng/releases/download/v0.17.4/toolchain_linux-aarch64_arm-zephyr-eabi.tar.xz"
      }
    },
    "toolchain_linux-x86_64_aarch64-zephyr-elf": {
      "flake": false,
      "locked": {
        "narHash": "sha256-5MQZukce/g4SpZWVqq9CyX97oakYhsNVjURT7a4+U6M=",
        "type": "file",
        "url": "https://github.com/zephyrproject-rtos/sdk-ng/releases/download/v0.17.4/toolchain_linux-x86_64_aarch64-zephyr-elf.tar.xz"
      },
      "original": {
        "type": "file",
        "url": "https://github.com/zephyrproject-rtos/sdk-ng/releases/download/v0.17.4/toolchain_linux-x86_64_aarch64-zephyr-elf.tar.xz"
      }
    },
    "toolchain_linux-x86_64_arm-zephyr-eabi": {
      "flake": false,
      "locked": {
        "narHash": "sha256-xngYYZ1xS9EtSwJZWGNXrCZ5GAwN3xTLew0ictImRwg=",
        "type": "file",
        "url": "https://github.com/zephyrproject-rtos/sdk-ng/releases/download/v0.17.4/toolchain_linux-x86_64_arm-zephyr-eabi.tar.xz"
      },
      "original": {
        "type": "file",
        "url": "https://github.com/zephyrproject-rtos/sdk-ng/releases/download/v0.17.4/toolchain_linux-x86_64_arm-zephyr-eabi.tar.xz"
      }
    },
    "toolchain_macos-aarch64_aarch64-zephyr-elf": {
      "flake": false,
      "locked": {
        "narHash": "sha256-6GBckRKm193u46KjRBYtayVEKeD3DYvXFMa8bcESQUo=",
        "type": "file",
        "url": "https://github.com/zephyrproject-rtos/sdk-ng/releases/download/v0.17.4/toolchain_macos-aarch64_aarch64-zephyr-elf.tar.xz"
      },
      "original": {
        "type": "file",
        "url": "https://github.com/zephyrproject-rtos/sdk-ng/releases/download/v0.17.4/toolchain_macos-aarch64_aarch64-zephyr-elf.tar.xz"
      }
    },
    "toolchain_macos-aarch64_arm-zephyr-eabi": {
      "flake": false,
      "locked": {
        "narHash": "sha256-7Jp5X4O5cPqtukmHRNysdU3bMUDClJ5EK6G2z9bei7o=",
        "type": "file",
        "url": "https://github.com/zephyrproject-rtos/sdk-ng/releases/download/v0.17.4/toolchain_macos-aarch64_arm-zephyr-eabi.tar.xz"
      },
      "original": {
        "type": "file",
        "url": "https://github.com/zephyrproject-rtos/sdk-ng/releases/download/v0.17.4/toolchain_macos-aarch64_arm-zephyr-eabi.tar.xz"
      }
    },
    "zephyr": {
      "flake": false,
      "locked": {
        "lastModified": 1758709660,
        "narHash": "sha256-+TKyVaWaZenKo0EHV9trMb/KE3EMscMkfhtTSxNi3n8=",
        "owner": "zephyrproject-rtos",
        "repo": "zephyr",
        "rev": "3c7d9732e8f5ebe25b9de201cc526b5f73cf4f34",
        "type": "github"
      },
      "original": {
        "owner": "zephyrproject-rtos",
        "repo": "zephyr",
        "type": "github"
      }
    }
  },
  "root": "root",
  "version": 7
}
