{
  "nodes": {
    "aarch64-linux_sdk": {
      "flake": false,
      "locked": {
        "lastModified": 1708266646,
        "narHash": "sha256-Lzeb0utqBSH0pU+MxlfQgkrP531mfQKQ9gb47iPQwQE=",
        "type": "tarball",
        "url": "https://github.com/zephyrproject-rtos/sdk-ng/releases/download/v0.16.5-1/zephyr-sdk-0.16.5-1_linux-aarch64_minimal.tar.xz"
      },
      "original": {
        "type": "tarball",
        "url": "https://github.com/zephyrproject-rtos/sdk-ng/releases/download/v0.16.5-1/zephyr-sdk-0.16.5-1_linux-aarch64_minimal.tar.xz"
      }
    },
    "aarch64-linux_toolchain_aarch64": {
      "flake": false,
      "locked": {
        "lastModified": 1708222275,
        "narHash": "sha256-8FMrTGFS+OabOhVtHI+r2Kt81hbUkBNGk5IZ/b9lQFE=",
        "type": "tarball",
        "url": "https://github.com/zephyrproject-rtos/sdk-ng/releases/download/v0.16.5-1/toolchain_linux-aarch64_aarch64-zephyr-elf.tar.xz"
      },
      "original": {
        "type": "tarball",
        "url": "https://github.com/zephyrproject-rtos/sdk-ng/releases/download/v0.16.5-1/toolchain_linux-aarch64_aarch64-zephyr-elf.tar.xz"
      }
    },
    "aarch64-linux_toolchain_arm": {
      "flake": false,
      "locked": {
        "lastModified": 1708231288,
        "narHash": "sha256-2/kmRWehTRBu0f8FE8/qOek5w73+37fCTYzlg8hAFvQ=",
        "type": "tarball",
        "url": "https://github.com/zephyrproject-rtos/sdk-ng/releases/download/v0.16.5-1/toolchain_linux-aarch64_arm-zephyr-eabi.tar.xz"
      },
      "original": {
        "type": "tarball",
        "url": "https://github.com/zephyrproject-rtos/sdk-ng/releases/download/v0.16.5-1/toolchain_linux-aarch64_arm-zephyr-eabi.tar.xz"
      }
    },
    "aarch64-linux_toolchain_x86_64": {
      "flake": false,
      "locked": {
        "lastModified": 1708218832,
        "narHash": "sha256-OeB2WQ67dwEARQH/K36p3giPJ8ppMzyirN8rELiH7kg=",
        "type": "tarball",
        "url": "https://github.com/zephyrproject-rtos/sdk-ng/releases/download/v0.16.5-1/toolchain_linux-aarch64_x86_64-zephyr-elf.tar.xz"
      },
      "original": {
        "type": "tarball",
        "url": "https://github.com/zephyrproject-rtos/sdk-ng/releases/download/v0.16.5-1/toolchain_linux-aarch64_x86_64-zephyr-elf.tar.xz"
      }
    },
    "dream2nix": {
      "inputs": {
        "nixpkgs": [
          "nixpkgs"
        ],
        "purescript-overlay": "purescript-overlay",
        "pyproject-nix": "pyproject-nix"
      },
      "locked": {
        "lastModified": 1710959519,
        "narHash": "sha256-n7ZXeETg3LDXIESETc21ZN+3SWIu5lvdBI4IISiLLOE=",
        "owner": "nix-community",
        "repo": "dream2nix",
        "rev": "45ec75f4663a26093bd40a75b7366da558a01545",
        "type": "github"
      },
      "original": {
        "owner": "nix-community",
        "repo": "dream2nix",
        "type": "github"
      }
    },
    "flake-utils": {
      "inputs": {
        "systems": "systems"
      },
      "locked": {
        "lastModified": 1710146030,
        "narHash": "sha256-SZ5L6eA7HJ/nmkzGG7/ISclqe6oZdOZTNoesiInkXPQ=",
        "owner": "numtide",
        "repo": "flake-utils",
        "rev": "b1d9ab70662946ef0850d488da1c9019f3a9752a",
        "type": "github"
      },
      "original": {
        "owner": "numtide",
        "repo": "flake-utils",
        "type": "github"
      }
    },
    "flake-utils_2": {
      "locked": {
        "lastModified": 1642700792,
        "narHash": "sha256-XqHrk7hFb+zBvRg6Ghl+AZDq03ov6OshJLiSWOoX5es=",
        "owner": "numtide",
        "repo": "flake-utils",
        "rev": "846b2ae0fc4cc943637d3d1def4454213e203cba",
        "type": "github"
      },
      "original": {
        "owner": "numtide",
        "repo": "flake-utils",
        "type": "github"
      }
    },
    "mach-nix": {
      "inputs": {
        "flake-utils": "flake-utils_2",
        "nixpkgs": "nixpkgs",
        "pypi-deps-db": "pypi-deps-db"
      },
      "locked": {
        "lastModified": 1705470643,
        "narHash": "sha256-CqgkRcvOonJ2fL6542/ykZR3yL6qVLWy0pdyY5YKRlE=",
        "owner": "DavHau",
        "repo": "mach-nix",
        "rev": "28f563aeb8c9e679a3f2b531c728573fce7a4594",
        "type": "github"
      },
      "original": {
        "id": "mach-nix",
        "type": "indirect"
      }
    },
    "nixpkgs": {
      "locked": {
        "lastModified": 1643805626,
        "narHash": "sha256-AXLDVMG+UaAGsGSpOtQHPIKB+IZ0KSd9WS77aanGzgc=",
        "owner": "NixOS",
        "repo": "nixpkgs",
        "rev": "554d2d8aa25b6e583575459c297ec23750adb6cb",
        "type": "github"
      },
      "original": {
        "id": "nixpkgs",
        "ref": "nixos-unstable",
        "type": "indirect"
      }
    },
    "nixpkgs_2": {
      "locked": {
        "lastModified": 1710838473,
        "narHash": "sha256-RLvwdQSENKOaLdKhNie8XqHmTXzNm00/M/THj6zplQo=",
        "owner": "NixOS",
        "repo": "nixpkgs",
        "rev": "fa9f817df522ac294016af3d40ccff82f5fd3a63",
        "type": "github"
      },
      "original": {
        "id": "nixpkgs",
        "ref": "nixos-23.11",
        "type": "indirect"
      }
    },
    "purescript-overlay": {
      "inputs": {
        "nixpkgs": [
          "dream2nix",
          "nixpkgs"
        ],
        "slimlock": "slimlock"
      },
      "locked": {
        "lastModified": 1696022621,
        "narHash": "sha256-eMjFmsj2G1E0Q5XiibUNgFjTiSz0GxIeSSzzVdoN730=",
        "owner": "thomashoneyman",
        "repo": "purescript-overlay",
        "rev": "047c7933abd6da8aa239904422e22d190ce55ead",
        "type": "github"
      },
      "original": {
        "owner": "thomashoneyman",
        "repo": "purescript-overlay",
        "type": "github"
      }
    },
    "pyocd": {
      "flake": false,
      "locked": {
        "lastModified": 1697740621,
        "narHash": "sha256-Tf9dJOtl8w2bKxKg7k55J13f9NARoYiZDEndI3ATs2Y=",
        "owner": "pyocd",
        "repo": "pyocd",
        "rev": "5ab5c327987c4c3ba5a37928cac25263d4db7586",
        "type": "github"
      },
      "original": {
        "owner": "pyocd",
        "repo": "pyocd",
        "type": "github"
      }
    },
    "pypi-deps-db": {
      "flake": false,
      "locked": {
        "lastModified": 1685526402,
        "narHash": "sha256-V0SXx0dWlUBL3E/wHWTszrkK2dOnuYYnBc7n6e0+NQU=",
        "owner": "DavHau",
        "repo": "pypi-deps-db",
        "rev": "ba35683c35218acb5258b69a9916994979dc73a9",
        "type": "github"
      },
      "original": {
        "owner": "DavHau",
        "repo": "pypi-deps-db",
        "type": "github"
      }
    },
    "pyproject-nix": {
      "flake": false,
      "locked": {
        "lastModified": 1702448246,
        "narHash": "sha256-hFg5s/hoJFv7tDpiGvEvXP0UfFvFEDgTdyHIjDVHu1I=",
        "owner": "davhau",
        "repo": "pyproject.nix",
        "rev": "5a06a2697b228c04dd2f35659b4b659ca74f7aeb",
        "type": "github"
      },
      "original": {
        "owner": "davhau",
        "ref": "dream2nix",
        "repo": "pyproject.nix",
        "type": "github"
      }
    },
    "root": {
      "inputs": {
        "aarch64-linux_sdk": "aarch64-linux_sdk",
        "aarch64-linux_toolchain_aarch64": "aarch64-linux_toolchain_aarch64",
        "aarch64-linux_toolchain_arm": "aarch64-linux_toolchain_arm",
        "aarch64-linux_toolchain_x86_64": "aarch64-linux_toolchain_x86_64",
        "dream2nix": "dream2nix",
        "flake-utils": "flake-utils",
        "mach-nix": "mach-nix",
        "nixpkgs": "nixpkgs_2",
        "pyocd": "pyocd",
        "x86_64-linux_sdk": "x86_64-linux_sdk",
        "x86_64-linux_toolchain_aarch64": "x86_64-linux_toolchain_aarch64",
        "x86_64-linux_toolchain_arm": "x86_64-linux_toolchain_arm",
        "x86_64-linux_toolchain_x86_64": "x86_64-linux_toolchain_x86_64",
        "zephyr": "zephyr"
      }
    },
    "slimlock": {
      "inputs": {
        "nixpkgs": [
          "dream2nix",
          "purescript-overlay",
          "nixpkgs"
        ]
      },
      "locked": {
        "lastModified": 1688610262,
        "narHash": "sha256-Wg0ViDotFWGWqKIQzyYCgayeH8s4U1OZcTiWTQYdAp4=",
        "owner": "thomashoneyman",
        "repo": "slimlock",
        "rev": "b5c6cdcaf636ebbebd0a1f32520929394493f1a6",
        "type": "github"
      },
      "original": {
        "owner": "thomashoneyman",
        "repo": "slimlock",
        "type": "github"
      }
    },
    "systems": {
      "locked": {
        "lastModified": 1681028828,
        "narHash": "sha256-Vy1rq5AaRuLzOxct8nz4T6wlgyUR7zLU309k9mBC768=",
        "owner": "nix-systems",
        "repo": "default",
        "rev": "da67096a3b9bf56a91d16901293e51ba5b49a27e",
        "type": "github"
      },
      "original": {
        "owner": "nix-systems",
        "repo": "default",
        "type": "github"
      }
    },
    "x86_64-linux_sdk": {
      "flake": false,
      "locked": {
        "lastModified": 1708266560,
        "narHash": "sha256-jluFcBLPaMXRAttse7aSR1U/mI9/sba3tzvT64JwTSc=",
        "type": "tarball",
        "url": "https://github.com/zephyrproject-rtos/sdk-ng/releases/download/v0.16.5-1/zephyr-sdk-0.16.5-1_linux-x86_64_minimal.tar.xz"
      },
      "original": {
        "type": "tarball",
        "url": "https://github.com/zephyrproject-rtos/sdk-ng/releases/download/v0.16.5-1/zephyr-sdk-0.16.5-1_linux-x86_64_minimal.tar.xz"
      }
    },
    "x86_64-linux_toolchain_aarch64": {
      "flake": false,
      "locked": {
        "lastModified": 1708214886,
        "narHash": "sha256-2gNjWocflb+VsLGTAFKaTslFNpM5Mce5od9/Szlq/0o=",
        "type": "tarball",
        "url": "https://github.com/zephyrproject-rtos/sdk-ng/releases/download/v0.16.5-1/toolchain_linux-x86_64_aarch64-zephyr-elf.tar.xz"
      },
      "original": {
        "type": "tarball",
        "url": "https://github.com/zephyrproject-rtos/sdk-ng/releases/download/v0.16.5-1/toolchain_linux-x86_64_aarch64-zephyr-elf.tar.xz"
      }
    },
    "x86_64-linux_toolchain_arm": {
      "flake": false,
      "locked": {
        "lastModified": 1708224064,
        "narHash": "sha256-LN7ICcfSOXAoM/FFGdSquPEnYc7BPo08w2ToKUQ7OyU=",
        "type": "tarball",
        "url": "https://github.com/zephyrproject-rtos/sdk-ng/releases/download/v0.16.5-1/toolchain_linux-x86_64_arm-zephyr-eabi.tar.xz"
      },
      "original": {
        "type": "tarball",
        "url": "https://github.com/zephyrproject-rtos/sdk-ng/releases/download/v0.16.5-1/toolchain_linux-x86_64_arm-zephyr-eabi.tar.xz"
      }
    },
    "x86_64-linux_toolchain_x86_64": {
      "flake": false,
      "locked": {
        "lastModified": 1708214936,
        "narHash": "sha256-2VqX0xtORQc8yXzIKF06E/gikIXNZHePFFvNZ/bMp/0=",
        "type": "tarball",
        "url": "https://github.com/zephyrproject-rtos/sdk-ng/releases/download/v0.16.5-1/toolchain_linux-x86_64_x86_64-zephyr-elf.tar.xz"
      },
      "original": {
        "type": "tarball",
        "url": "https://github.com/zephyrproject-rtos/sdk-ng/releases/download/v0.16.5-1/toolchain_linux-x86_64_x86_64-zephyr-elf.tar.xz"
      }
    },
    "zephyr": {
      "flake": false,
      "locked": {
        "lastModified": 1710973208,
        "narHash": "sha256-VSRj28YhF8XazwZC9fuzgB0u6ZaUINYLgjKyaz7wU4E=",
        "owner": "zephyrproject-rtos",
        "repo": "zephyr",
        "rev": "f90c2b1122ead7c8dcb4c9cbf98abf2544b77ee0",
        "type": "github"
      },
      "original": {
        "owner": "zephyrproject-rtos",
        "repo": "zephyr",
        "type": "github"
      }
    }
  },
  "root": "root",
  "version": 7
}
