{
  "nodes": {
    "flake-utils": {
      "inputs": {
        "systems": "systems"
      },
      "locked": {
        "lastModified": 1710146030,
        "narHash": "sha256-SZ5L6eA7HJ/nmkzGG7/ISclqe6oZdOZTNoesiInkXPQ=",
        "owner": "numtide",
        "repo": "flake-utils",
        "rev": "b1d9ab70662946ef0850d488da1c9019f3a9752a",
        "type": "github"
      },
      "original": {
        "owner": "numtide",
        "repo": "flake-utils",
        "type": "github"
      }
    },
    "flakegen": {
      "inputs": {
        "systems": "systems_2"
      },
      "locked": {
        "lastModified": 1707120544,
        "narHash": "sha256-pXwH9NLXjhjnaz1n7w5m36gVUZ1GVkvtltsLnvVPFJY=",
        "owner": "jorsn",
        "repo": "flakegen",
        "rev": "8b11749b0724700273462a674dd16e5549fe2790",
        "type": "github"
      },
      "original": {
        "owner": "jorsn",
        "repo": "flakegen",
        "type": "github"
      }
    },
    "nixpkgs": {
      "locked": {
        "lastModified": 1725930920,
        "narHash": "sha256-RVhD9hnlTT2nJzPHlAqrWqCkA7T6CYrP41IoVRkciZM=",
        "owner": "NixOS",
        "repo": "nixpkgs",
        "rev": "44a71ff39c182edaf25a7ace5c9454e7cba2c658",
        "type": "github"
      },
      "original": {
        "id": "nixpkgs",
        "ref": "nixos-24.05",
        "type": "indirect"
      }
    },
    "nixpkgs_python38": {
      "locked": {
        "lastModified": 1720535198,
        "narHash": "sha256-zwVvxrdIzralnSbcpghA92tWu2DV2lwv89xZc8MTrbg=",
        "owner": "NixOS",
        "repo": "nixpkgs",
        "rev": "205fd4226592cc83fd4c0885a3e4c9c400efabb5",
        "type": "github"
      },
      "original": {
        "id": "nixpkgs",
        "ref": "nixos-23.11",
        "type": "indirect"
      }
    },
    "root": {
      "inputs": {
        "flake-utils": "flake-utils",
        "flakegen": "flakegen",
        "nixpkgs": "nixpkgs",
        "nixpkgs_python38": "nixpkgs_python38",
        "sdk_linux-aarch64": "sdk_linux-aarch64",
        "sdk_linux-x86_64": "sdk_linux-x86_64",
        "sdk_macos-aarch64": "sdk_macos-aarch64",
        "sdk_macos-x86_64": "sdk_macos-x86_64",
        "toolchain_linux-aarch64_aarch64-zephyr-elf": "toolchain_linux-aarch64_aarch64-zephyr-elf",
        "toolchain_linux-aarch64_arm-zephyr-eabi": "toolchain_linux-aarch64_arm-zephyr-eabi",
        "toolchain_linux-x86_64_aarch64-zephyr-elf": "toolchain_linux-x86_64_aarch64-zephyr-elf",
        "toolchain_linux-x86_64_arm-zephyr-eabi": "toolchain_linux-x86_64_arm-zephyr-eabi",
        "toolchain_macos-aarch64_aarch64-zephyr-elf": "toolchain_macos-aarch64_aarch64-zephyr-elf",
        "toolchain_macos-aarch64_arm-zephyr-eabi": "toolchain_macos-aarch64_arm-zephyr-eabi",
        "toolchain_macos-x86_64_aarch64-zephyr-elf": "toolchain_macos-x86_64_aarch64-zephyr-elf",
        "toolchain_macos-x86_64_arm-zephyr-eabi": "toolchain_macos-x86_64_arm-zephyr-eabi"
      }
    },
    "sdk_linux-aarch64": {
      "flake": false,
      "locked": {
        "narHash": "sha256-S/FTfVwwgG3kH5csU9iq3khSsifNCf8/RT71n/QLOw4=",
        "type": "file",
        "url": "https://github.com/zephyrproject-rtos/sdk-ng/releases/download/v0.16.8/zephyr-sdk-0.16.8_linux-aarch64_minimal.tar.xz"
      },
      "original": {
        "type": "file",
        "url": "https://github.com/zephyrproject-rtos/sdk-ng/releases/download/v0.16.8/zephyr-sdk-0.16.8_linux-aarch64_minimal.tar.xz"
      }
    },
    "sdk_linux-x86_64": {
      "flake": false,
      "locked": {
        "narHash": "sha256-C1Q+bIWAUXRk0hPH4NtJxrUO1+FE6VlDYp/ZmAMO0AA=",
        "type": "file",
        "url": "https://github.com/zephyrproject-rtos/sdk-ng/releases/download/v0.16.8/zephyr-sdk-0.16.8_linux-x86_64_minimal.tar.xz"
      },
      "original": {
        "type": "file",
        "url": "https://github.com/zephyrproject-rtos/sdk-ng/releases/download/v0.16.8/zephyr-sdk-0.16.8_linux-x86_64_minimal.tar.xz"
      }
    },
    "sdk_macos-aarch64": {
      "flake": false,
      "locked": {
        "narHash": "sha256-r0mD6EE22BC427SVpXMS3dw7qcpqPZrI5Ns5XnEID9k=",
        "type": "file",
        "url": "https://github.com/zephyrproject-rtos/sdk-ng/releases/download/v0.16.8/zephyr-sdk-0.16.8_macos-aarch64_minimal.tar.xz"
      },
      "original": {
        "type": "file",
        "url": "https://github.com/zephyrproject-rtos/sdk-ng/releases/download/v0.16.8/zephyr-sdk-0.16.8_macos-aarch64_minimal.tar.xz"
      }
    },
    "sdk_macos-x86_64": {
      "flake": false,
      "locked": {
        "narHash": "sha256-bg1pGD16zM/Rh8yXo2dWmmNFWtqgvsDR3dSv8JUKYEY=",
        "type": "file",
        "url": "https://github.com/zephyrproject-rtos/sdk-ng/releases/download/v0.16.8/zephyr-sdk-0.16.8_macos-x86_64_minimal.tar.xz"
      },
      "original": {
        "type": "file",
        "url": "https://github.com/zephyrproject-rtos/sdk-ng/releases/download/v0.16.8/zephyr-sdk-0.16.8_macos-x86_64_minimal.tar.xz"
      }
    },
    "systems": {
      "locked": {
        "lastModified": 1681028828,
        "narHash": "sha256-Vy1rq5AaRuLzOxct8nz4T6wlgyUR7zLU309k9mBC768=",
        "owner": "nix-systems",
        "repo": "default",
        "rev": "da67096a3b9bf56a91d16901293e51ba5b49a27e",
        "type": "github"
      },
      "original": {
        "owner": "nix-systems",
        "repo": "default",
        "type": "github"
      }
    },
    "systems_2": {
      "locked": {
        "lastModified": 1681028828,
        "narHash": "sha256-Vy1rq5AaRuLzOxct8nz4T6wlgyUR7zLU309k9mBC768=",
        "owner": "nix-systems",
        "repo": "default",
        "rev": "da67096a3b9bf56a91d16901293e51ba5b49a27e",
        "type": "github"
      },
      "original": {
        "owner": "nix-systems",
        "repo": "default",
        "type": "github"
      }
    },
    "toolchain_linux-aarch64_aarch64-zephyr-elf": {
      "flake": false,
      "locked": {
        "narHash": "sha256-sXYW2qEH1YP4yRNo3vb2xtiuw2tj3HBjX2uXkEbnqD8=",
        "type": "file",
        "url": "https://github.com/zephyrproject-rtos/sdk-ng/releases/download/v0.16.8/toolchain_linux-aarch64_aarch64-zephyr-elf.tar.xz"
      },
      "original": {
        "type": "file",
        "url": "https://github.com/zephyrproject-rtos/sdk-ng/releases/download/v0.16.8/toolchain_linux-aarch64_aarch64-zephyr-elf.tar.xz"
      }
    },
    "toolchain_linux-aarch64_arm-zephyr-eabi": {
      "flake": false,
      "locked": {
        "narHash": "sha256-zGhRiVLDZpKzfvWLZwBfi/4ZsOXRwm1PcYDK5Cjj5IQ=",
        "type": "file",
        "url": "https://github.com/zephyrproject-rtos/sdk-ng/releases/download/v0.16.8/toolchain_linux-aarch64_arm-zephyr-eabi.tar.xz"
      },
      "original": {
        "type": "file",
        "url": "https://github.com/zephyrproject-rtos/sdk-ng/releases/download/v0.16.8/toolchain_linux-aarch64_arm-zephyr-eabi.tar.xz"
      }
    },
    "toolchain_linux-x86_64_aarch64-zephyr-elf": {
      "flake": false,
      "locked": {
        "narHash": "sha256-PJLBv78rusGUxOJuHKo+jlvOFlaap7p765IShdmJZf0=",
        "type": "file",
        "url": "https://github.com/zephyrproject-rtos/sdk-ng/releases/download/v0.16.8/toolchain_linux-x86_64_aarch64-zephyr-elf.tar.xz"
      },
      "original": {
        "type": "file",
        "url": "https://github.com/zephyrproject-rtos/sdk-ng/releases/download/v0.16.8/toolchain_linux-x86_64_aarch64-zephyr-elf.tar.xz"
      }
    },
    "toolchain_linux-x86_64_arm-zephyr-eabi": {
      "flake": false,
      "locked": {
        "narHash": "sha256-9gJ8o/B2NYOtqXbSnjlwvswyzpmiywlgRGaGI6TexD4=",
        "type": "file",
        "url": "https://github.com/zephyrproject-rtos/sdk-ng/releases/download/v0.16.8/toolchain_linux-x86_64_arm-zephyr-eabi.tar.xz"
      },
      "original": {
        "type": "file",
        "url": "https://github.com/zephyrproject-rtos/sdk-ng/releases/download/v0.16.8/toolchain_linux-x86_64_arm-zephyr-eabi.tar.xz"
      }
    },
    "toolchain_macos-aarch64_aarch64-zephyr-elf": {
      "flake": false,
      "locked": {
        "narHash": "sha256-26m5TEhOF4OHEe2OAO/x45fFJdgUu0vNWC0wVaqg0F0=",
        "type": "file",
        "url": "https://github.com/zephyrproject-rtos/sdk-ng/releases/download/v0.16.8/toolchain_macos-aarch64_aarch64-zephyr-elf.tar.xz"
      },
      "original": {
        "type": "file",
        "url": "https://github.com/zephyrproject-rtos/sdk-ng/releases/download/v0.16.8/toolchain_macos-aarch64_aarch64-zephyr-elf.tar.xz"
      }
    },
    "toolchain_macos-aarch64_arm-zephyr-eabi": {
      "flake": false,
      "locked": {
        "narHash": "sha256-qaUJZrIgJD2qKF05RwWxzFL3EPdj3IQwU1yHGFDhUz8=",
        "type": "file",
        "url": "https://github.com/zephyrproject-rtos/sdk-ng/releases/download/v0.16.8/toolchain_macos-aarch64_arm-zephyr-eabi.tar.xz"
      },
      "original": {
        "type": "file",
        "url": "https://github.com/zephyrproject-rtos/sdk-ng/releases/download/v0.16.8/toolchain_macos-aarch64_arm-zephyr-eabi.tar.xz"
      }
    },
    "toolchain_macos-x86_64_aarch64-zephyr-elf": {
      "flake": false,
      "locked": {
        "narHash": "sha256-77apyQlkDLSOPhYcYwqTVQh18SHjYqCEW1BGIqyMrlM=",
        "type": "file",
        "url": "https://github.com/zephyrproject-rtos/sdk-ng/releases/download/v0.16.8/toolchain_macos-x86_64_aarch64-zephyr-elf.tar.xz"
      },
      "original": {
        "type": "file",
        "url": "https://github.com/zephyrproject-rtos/sdk-ng/releases/download/v0.16.8/toolchain_macos-x86_64_aarch64-zephyr-elf.tar.xz"
      }
    },
    "toolchain_macos-x86_64_arm-zephyr-eabi": {
      "flake": false,
      "locked": {
        "narHash": "sha256-8ZPH6LHl6KPp4Iy2YvPDgUzCAwxc1ofKsXMWut0xfEw=",
        "type": "file",
        "url": "https://github.com/zephyrproject-rtos/sdk-ng/releases/download/v0.16.8/toolchain_macos-x86_64_arm-zephyr-eabi.tar.xz"
      },
      "original": {
        "type": "file",
        "url": "https://github.com/zephyrproject-rtos/sdk-ng/releases/download/v0.16.8/toolchain_macos-x86_64_arm-zephyr-eabi.tar.xz"
      }
    }
  },
  "root": "root",
  "version": 7
}
